
Microsoft Visual Studio Solution File, Format Version 12.00
# Visual Studio Version 17
VisualStudioVersion = 17.0.32112.339
MinimumVisualStudioVersion = 10.0.40219.1
Project("{FAE04EC0-301F-11D3-BF4B-00C04F79EFBC}") = "Homework1", "DesignPatternHomework\Homework1.csproj", "{F09FEC0F-E4B8-4BDF-B9C2-A03D071F49D8}"
EndProject
Project("{FAE04EC0-301F-11D3-BF4B-00C04F79EFBC}") = "Homework2", "Homework2\Homework2.csproj", "{45111A5E-2336-4761-9A20-6F91178B83AB}"
EndProject
Global
	GlobalSection(SolutionConfigurationPlatforms) = preSolution
		Debug|Any CPU = Debug|Any CPU
		Release|Any CPU = Release|Any CPU
	EndGlobalSection
	GlobalSection(ProjectConfigurationPlatforms) = postSolution
		{F09FEC0F-E4B8-4BDF-B9C2-A03D071F49D8}.Debug|Any CPU.ActiveCfg = Debug|Any CPU
		{F09FEC0F-E4B8-4BDF-B9C2-A03D071F49D8}.Debug|Any CPU.Build.0 = Debug|Any CPU
		{F09FEC0F-E4B8-4BDF-B9C2-A03D071F49D8}.Release|Any CPU.ActiveCfg = Release|Any CPU
		{F09FEC0F-E4B8-4BDF-B9C2-A03D071F49D8}.Release|Any CPU.Build.0 = Release|Any CPU
		{45111A5E-2336-4761-9A20-6F91178B83AB}.Debug|Any CPU.ActiveCfg = Debug|Any CPU
		{45111A5E-2336-4761-9A20-6F91178B83AB}.Debug|Any CPU.Build.0 = Debug|Any CPU
		{45111A5E-2336-4761-9A20-6F91178B83AB}.Release|Any CPU.ActiveCfg = Release|Any CPU
		{45111A5E-2336-4761-9A20-6F91178B83AB}.Release|Any CPU.Build.0 = Release|Any CPU
	EndGlobalSection
	GlobalSection(SolutionProperties) = preSolution
		HideSolutionNode = FALSE
	EndGlobalSection
	GlobalSection(ExtensibilityGlobals) = postSolution
		SolutionGuid = {A606CD83-A61A-49CD-9C05-A4B19E2D5554}
	EndGlobalSection
EndGlobal
